
Microsoft Visual Studio Solution File, Format Version 12.00
# Visual Studio Version 16
VisualStudioVersion = 16.0.31424.327
MinimumVisualStudioVersion = 10.0.40219.1
Project("{FAE04EC0-301F-11D3-BF4B-00C04F79EFBC}") = "ba", "ba\ba.csproj", "{B5FD5894-3C98-4C63-9ED8-09888BA0449E}"
EndProject
Global
	GlobalSection(SolutionConfigurationPlatforms) = preSolution
		Debug|Any CPU = Debug|Any CPU
		Release|Any CPU = Release|Any CPU
	EndGlobalSection
	GlobalSection(ProjectConfigurationPlatforms) = postSolution
		{B5FD5894-3C98-4C63-9ED8-09888BA0449E}.Debug|Any CPU.ActiveCfg = Debug|Any CPU
		{B5FD5894-3C98-4C63-9ED8-09888BA0449E}.Debug|Any CPU.Build.0 = Debug|Any CPU
		{B5FD5894-3C98-4C63-9ED8-09888BA0449E}.Release|Any CPU.ActiveCfg = Release|Any CPU
		{B5FD5894-3C98-4C63-9ED8-09888BA0449E}.Release|Any CPU.Build.0 = Release|Any CPU
	EndGlobalSection
	GlobalSection(SolutionProperties) = preSolution
		HideSolutionNode = FALSE
	EndGlobalSection
	GlobalSection(ExtensibilityGlobals) = postSolution
		SolutionGuid = {6A70E1FC-02B7-4321-B30D-7934291734DB}
	EndGlobalSection
EndGlobal
